
Microsoft Visual Studio Solution File, Format Version 12.00
# Visual Studio Version 17
VisualStudioVersion = 17.9.34728.123
MinimumVisualStudioVersion = 10.0.40219.1
Project("{FAE04EC0-301F-11D3-BF4B-00C04F79EFBC}") = "webnhahang", "webnhahang\webnhahang.csproj", "{CAE2DD9E-03B0-4EFA-9B68-D5AD267923B8}"
EndProject
Global
	GlobalSection(SolutionConfigurationPlatforms) = preSolution
		Debug|Any CPU = Debug|Any CPU
		Release|Any CPU = Release|Any CPU
	EndGlobalSection
	GlobalSection(ProjectConfigurationPlatforms) = postSolution
		{CAE2DD9E-03B0-4EFA-9B68-D5AD267923B8}.Debug|Any CPU.ActiveCfg = Debug|Any CPU
		{CAE2DD9E-03B0-4EFA-9B68-D5AD267923B8}.Debug|Any CPU.Build.0 = Debug|Any CPU
		{CAE2DD9E-03B0-4EFA-9B68-D5AD267923B8}.Release|Any CPU.ActiveCfg = Release|Any CPU
		{CAE2DD9E-03B0-4EFA-9B68-D5AD267923B8}.Release|Any CPU.Build.0 = Release|Any CPU
	EndGlobalSection
	GlobalSection(SolutionProperties) = preSolution
		HideSolutionNode = FALSE
	EndGlobalSection
	GlobalSection(ExtensibilityGlobals) = postSolution
		SolutionGuid = {11A829CC-8AE8-4916-9BF7-706C1A79002B}
	EndGlobalSection
EndGlobal
